# THIS IS AN AUTOGENERATED FILE. DO NOT EDIT THIS FILE DIRECTLY.
# yarn lockfile v1


"zenn-cli@^0.1.125":
  "integrity" "sha512-ChV53yyQOltSIAbp+yjNSuloFbwNjlQtp0YfnLzIpqlnV1bdj0QgJtTSvVoC1LGcfa4cDGciR5d/pu/Si2WCbw=="
  "resolved" "https://registry.npmjs.org/zenn-cli/-/zenn-cli-0.1.125.tgz"
  "version" "0.1.125"
