# This file is generated by running "yarn install" inside your project.
# Manual changes might be lost - proceed with caution!

__metadata:
  version: 8
  cacheKey: 10c0

"zenn-cli@npm:0.1.154":
  version: 0.1.154
  resolution: "zenn-cli@npm:0.1.154"
  bin:
    zenn: dist/server/zenn.js
  checksum: aabd697136a19f8e211d54ba12a63a73158451a9bb22d3efe0128a59873f6d57ed9966991378ef81751e9df782e073c9f7c7a50cd9c4ad38c656e227e7b06cf0
  languageName: node
  linkType: hard

"zenn-content@workspace:.":
  version: 0.0.0-use.local
  resolution: "zenn-content@workspace:."
  dependencies:
    zenn-cli: "npm:0.1.154"
  languageName: unknown
  linkType: soft
